{
  "lockfileVersion": 2,
  "configVersion": 1,
  "workspaces": {
    "": {
      "name": "openproxy",
      "dependencies": {
        "yaml": "^2.7.0",
        "zod": "^3.23.0",
      },
    },
  },
  "packages": {
    "yaml": ["yaml@2.9.1", "", { "bin": { "yaml": "bin.mjs" } }, "sha512-3NxN8+78OdzbT7C/WjGsyfPAtJaN3FNDsWxv7Y7mcDsT/oOmgW8BpyQQFFBnvZE3j9Y2Sdz1ULFLezL7Eb2yFw=="],

    "zod": ["zod@3.25.76", "", {}, "sha512-gzUt/qt81nXsFGKIFcC3YnfEAx5NkunCfnDlvuBSSFS02bcXu4Lmea0AFIUwbLWxWPx3d9p8S5QoaujKcNQxcQ=="],
  }
}
